
Microsoft Visual Studio Solution File, Format Version 12.00
# Visual Studio Version 16
VisualStudioVersion = 16.0.30804.86
MinimumVisualStudioVersion = 10.0.40219.1
Project("{FAE04EC0-301F-11D3-BF4B-00C04F79EFBC}") = "Vivek", "Vivek\Vivek.csproj", "{0C35C029-24B9-4C45-87B2-F02CAC790D01}"
EndProject
Global
	GlobalSection(SolutionConfigurationPlatforms) = preSolution
		Debug|Any CPU = Debug|Any CPU
		Release|Any CPU = Release|Any CPU
	EndGlobalSection
	GlobalSection(ProjectConfigurationPlatforms) = postSolution
		{0C35C029-24B9-4C45-87B2-F02CAC790D01}.Debug|Any CPU.ActiveCfg = Debug|Any CPU
		{0C35C029-24B9-4C45-87B2-F02CAC790D01}.Debug|Any CPU.Build.0 = Debug|Any CPU
		{0C35C029-24B9-4C45-87B2-F02CAC790D01}.Release|Any CPU.ActiveCfg = Release|Any CPU
		{0C35C029-24B9-4C45-87B2-F02CAC790D01}.Release|Any CPU.Build.0 = Release|Any CPU
	EndGlobalSection
	GlobalSection(SolutionProperties) = preSolution
		HideSolutionNode = FALSE
	EndGlobalSection
	GlobalSection(ExtensibilityGlobals) = postSolution
		SolutionGuid = {57D728DE-5FB7-404E-8FCE-94A10B940DB5}
	EndGlobalSection
EndGlobal
